
Microsoft Visual Studio Solution File, Format Version 12.00
# Visual Studio Version 17
VisualStudioVersion = 17.2.32519.379
MinimumVisualStudioVersion = 10.0.40219.1
Project("{9A19103F-16F7-4668-BE54-9A1E7A4F7556}") = "BiblWeb2.0", "BiblWeb2.0\BiblWeb2.0.csproj", "{AC9E7E83-3EE6-4371-95A4-EAA5614C2BB9}"
EndProject
Global
	GlobalSection(SolutionConfigurationPlatforms) = preSolution
		Debug|Any CPU = Debug|Any CPU
		Release|Any CPU = Release|Any CPU
	EndGlobalSection
	GlobalSection(ProjectConfigurationPlatforms) = postSolution
		{AC9E7E83-3EE6-4371-95A4-EAA5614C2BB9}.Debug|Any CPU.ActiveCfg = Debug|Any CPU
		{AC9E7E83-3EE6-4371-95A4-EAA5614C2BB9}.Debug|Any CPU.Build.0 = Debug|Any CPU
		{AC9E7E83-3EE6-4371-95A4-EAA5614C2BB9}.Release|Any CPU.ActiveCfg = Release|Any CPU
		{AC9E7E83-3EE6-4371-95A4-EAA5614C2BB9}.Release|Any CPU.Build.0 = Release|Any CPU
	EndGlobalSection
	GlobalSection(SolutionProperties) = preSolution
		HideSolutionNode = FALSE
	EndGlobalSection
	GlobalSection(ExtensibilityGlobals) = postSolution
		SolutionGuid = {1F9AC899-5269-4F71-8783-DE060E3BD3B9}
	EndGlobalSection
EndGlobal
